
Microsoft Visual Studio Solution File, Format Version 12.00
# Visual Studio Version 17
VisualStudioVersion = 17.14.36915.13 d17.14
MinimumVisualStudioVersion = 10.0.40219.1
Project("{FAE04EC0-301F-11D3-BF4B-00C04F79EFBC}") = "Cash Back Interactive", "Cash Back Interactive.csproj", "{6A29E58F-0EA4-444A-AAF5-677297277F48}"
EndProject
Global
	GlobalSection(SolutionConfigurationPlatforms) = preSolution
		Debug|Any CPU = Debug|Any CPU
		Release|Any CPU = Release|Any CPU
	EndGlobalSection
	GlobalSection(ProjectConfigurationPlatforms) = postSolution
		{6A29E58F-0EA4-444A-AAF5-677297277F48}.Debug|Any CPU.ActiveCfg = Debug|Any CPU
		{6A29E58F-0EA4-444A-AAF5-677297277F48}.Debug|Any CPU.Build.0 = Debug|Any CPU
		{6A29E58F-0EA4-444A-AAF5-677297277F48}.Release|Any CPU.ActiveCfg = Release|Any CPU
		{6A29E58F-0EA4-444A-AAF5-677297277F48}.Release|Any CPU.Build.0 = Release|Any CPU
	EndGlobalSection
	GlobalSection(SolutionProperties) = preSolution
		HideSolutionNode = FALSE
	EndGlobalSection
	GlobalSection(ExtensibilityGlobals) = postSolution
		SolutionGuid = {B5315C7A-ED4B-45FC-89AA-8A6DECA504CF}
	EndGlobalSection
EndGlobal
